
Microsoft Visual Studio Solution File, Format Version 12.00
# Visual Studio Version 16
VisualStudioVersion = 16.0.32413.511
MinimumVisualStudioVersion = 10.0.40219.1
Project("{FAE04EC0-301F-11D3-BF4B-00C04F79EFBC}") = "ConsoleAppPT", "ConsoleAppPT.csproj", "{FE640199-76A1-42A9-8E40-5C6F67D124C2}"
EndProject
Global
	GlobalSection(SolutionConfigurationPlatforms) = preSolution
		Debug|Any CPU = Debug|Any CPU
		Release|Any CPU = Release|Any CPU
	EndGlobalSection
	GlobalSection(ProjectConfigurationPlatforms) = postSolution
		{FE640199-76A1-42A9-8E40-5C6F67D124C2}.Debug|Any CPU.ActiveCfg = Debug|Any CPU
		{FE640199-76A1-42A9-8E40-5C6F67D124C2}.Debug|Any CPU.Build.0 = Debug|Any CPU
		{FE640199-76A1-42A9-8E40-5C6F67D124C2}.Release|Any CPU.ActiveCfg = Release|Any CPU
		{FE640199-76A1-42A9-8E40-5C6F67D124C2}.Release|Any CPU.Build.0 = Release|Any CPU
	EndGlobalSection
	GlobalSection(SolutionProperties) = preSolution
		HideSolutionNode = FALSE
	EndGlobalSection
	GlobalSection(ExtensibilityGlobals) = postSolution
		SolutionGuid = {E5481504-C714-400F-BD4A-F2C7A2CBC8D8}
	EndGlobalSection
EndGlobal
